
Microsoft Visual Studio Solution File, Format Version 12.00
# Visual Studio Version 17
VisualStudioVersion = 17.14.36310.24
MinimumVisualStudioVersion = 10.0.40219.1
Project("{FAE04EC0-301F-11D3-BF4B-00C04F79EFBC}") = "SLRYCAL", "SLRYCAL\SLRYCAL.csproj", "{69510F79-C837-4427-A3BB-711D14B8F1BF}"
EndProject
Global
	GlobalSection(SolutionConfigurationPlatforms) = preSolution
		Debug|Any CPU = Debug|Any CPU
		Release|Any CPU = Release|Any CPU
	EndGlobalSection
	GlobalSection(ProjectConfigurationPlatforms) = postSolution
		{69510F79-C837-4427-A3BB-711D14B8F1BF}.Debug|Any CPU.ActiveCfg = Debug|Any CPU
		{69510F79-C837-4427-A3BB-711D14B8F1BF}.Debug|Any CPU.Build.0 = Debug|Any CPU
		{69510F79-C837-4427-A3BB-711D14B8F1BF}.Release|Any CPU.ActiveCfg = Release|Any CPU
		{69510F79-C837-4427-A3BB-711D14B8F1BF}.Release|Any CPU.Build.0 = Release|Any CPU
	EndGlobalSection
	GlobalSection(SolutionProperties) = preSolution
		HideSolutionNode = FALSE
	EndGlobalSection
	GlobalSection(ExtensibilityGlobals) = postSolution
		SolutionGuid = {C932D28B-A83F-4E01-B5A6-BBA077178C2D}
	EndGlobalSection
EndGlobal
